
Microsoft Visual Studio Solution File, Format Version 12.00
# Visual Studio Version 16
VisualStudioVersion = 16.0.29025.244
MinimumVisualStudioVersion = 10.0.40219.1
Project("{FAE04EC0-301F-11D3-BF4B-00C04F79EFBC}") = "XamDevSummit.EscRoom.Android", "XamDevSummit.EscRoom\XamDevSummit.EscRoom.Android\XamDevSummit.EscRoom.Android.csproj", "{68181152-174B-4174-B406-15A19CC7AC62}"
EndProject
Project("{FAE04EC0-301F-11D3-BF4B-00C04F79EFBC}") = "XamDevSummit.EscRoom.iOS", "XamDevSummit.EscRoom\XamDevSummit.EscRoom.iOS\XamDevSummit.EscRoom.iOS.csproj", "{E29D6105-8100-4F85-B3AE-5E3A93F4A61A}"
EndProject
Project("{FAE04EC0-301F-11D3-BF4B-00C04F79EFBC}") = "XamDevSummit.EscRoom", "XamDevSummit.EscRoom\XamDevSummit.EscRoom\XamDevSummit.EscRoom.csproj", "{F7774709-C599-48E5-BA0F-273354CFBA03}"
EndProject
Project("{2150E333-8FDC-42A3-9474-1A3956D46DE8}") = "Solution Items", "Solution Items", "{977CE478-1224-4821-BFDB-0014ED4912E5}"
	ProjectSection(SolutionItems) = preProject
		readme.md = readme.md
	EndProjectSection
EndProject
Global
	GlobalSection(SolutionConfigurationPlatforms) = preSolution
		Debug|Any CPU = Debug|Any CPU
		Debug|iPhone = Debug|iPhone
		Debug|iPhoneSimulator = Debug|iPhoneSimulator
		Release|Any CPU = Release|Any CPU
		Release|iPhone = Release|iPhone
		Release|iPhoneSimulator = Release|iPhoneSimulator
	EndGlobalSection
	GlobalSection(ProjectConfigurationPlatforms) = postSolution
		{68181152-174B-4174-B406-15A19CC7AC62}.Debug|Any CPU.ActiveCfg = Debug|Any CPU
		{68181152-174B-4174-B406-15A19CC7AC62}.Debug|Any CPU.Build.0 = Debug|Any CPU
		{68181152-174B-4174-B406-15A19CC7AC62}.Debug|Any CPU.Deploy.0 = Debug|Any CPU
		{68181152-174B-4174-B406-15A19CC7AC62}.Debug|iPhone.ActiveCfg = Debug|Any CPU
		{68181152-174B-4174-B406-15A19CC7AC62}.Debug|iPhone.Build.0 = Debug|Any CPU
		{68181152-174B-4174-B406-15A19CC7AC62}.Debug|iPhone.Deploy.0 = Debug|Any CPU
		{68181152-174B-4174-B406-15A19CC7AC62}.Debug|iPhoneSimulator.ActiveCfg = Debug|Any CPU
		{68181152-174B-4174-B406-15A19CC7AC62}.Debug|iPhoneSimulator.Build.0 = Debug|Any CPU
		{68181152-174B-4174-B406-15A19CC7AC62}.Debug|iPhoneSimulator.Deploy.0 = Debug|Any CPU
		{68181152-174B-4174-B406-15A19CC7AC62}.Release|Any CPU.ActiveCfg = Release|Any CPU
		{68181152-174B-4174-B406-15A19CC7AC62}.Release|Any CPU.Build.0 = Release|Any CPU
		{68181152-174B-4174-B406-15A19CC7AC62}.Release|Any CPU.Deploy.0 = Release|Any CPU
		{68181152-174B-4174-B406-15A19CC7AC62}.Release|iPhone.ActiveCfg = Release|Any CPU
		{68181152-174B-4174-B406-15A19CC7AC62}.Release|iPhone.Build.0 = Release|Any CPU
		{68181152-174B-4174-B406-15A19CC7AC62}.Release|iPhone.Deploy.0 = Release|Any CPU
		{68181152-174B-4174-B406-15A19CC7AC62}.Release|iPhoneSimulator.ActiveCfg = Release|Any CPU
		{68181152-174B-4174-B406-15A19CC7AC62}.Release|iPhoneSimulator.Build.0 = Release|Any CPU
		{68181152-174B-4174-B406-15A19CC7AC62}.Release|iPhoneSimulator.Deploy.0 = Release|Any CPU
		{E29D6105-8100-4F85-B3AE-5E3A93F4A61A}.Debug|Any CPU.ActiveCfg = Debug|iPhoneSimulator
		{E29D6105-8100-4F85-B3AE-5E3A93F4A61A}.Debug|Any CPU.Build.0 = Debug|iPhoneSimulator
		{E29D6105-8100-4F85-B3AE-5E3A93F4A61A}.Debug|Any CPU.Deploy.0 = Debug|iPhoneSimulator
		{E29D6105-8100-4F85-B3AE-5E3A93F4A61A}.Debug|iPhone.ActiveCfg = Debug|iPhone
		{E29D6105-8100-4F85-B3AE-5E3A93F4A61A}.Debug|iPhone.Build.0 = Debug|iPhone
		{E29D6105-8100-4F85-B3AE-5E3A93F4A61A}.Debug|iPhone.Deploy.0 = Debug|iPhone
		{E29D6105-8100-4F85-B3AE-5E3A93F4A61A}.Debug|iPhoneSimulator.ActiveCfg = Debug|iPhoneSimulator
		{E29D6105-8100-4F85-B3AE-5E3A93F4A61A}.Debug|iPhoneSimulator.Build.0 = Debug|iPhoneSimulator
		{E29D6105-8100-4F85-B3AE-5E3A93F4A61A}.Debug|iPhoneSimulator.Deploy.0 = Debug|iPhoneSimulator
		{E29D6105-8100-4F85-B3AE-5E3A93F4A61A}.Release|Any CPU.ActiveCfg = Release|iPhone
		{E29D6105-8100-4F85-B3AE-5E3A93F4A61A}.Release|Any CPU.Build.0 = Release|iPhone
		{E29D6105-8100-4F85-B3AE-5E3A93F4A61A}.Release|Any CPU.Deploy.0 = Release|iPhone
		{E29D6105-8100-4F85-B3AE-5E3A93F4A61A}.Release|iPhone.ActiveCfg = Release|iPhone
		{E29D6105-8100-4F85-B3AE-5E3A93F4A61A}.Release|iPhone.Build.0 = Release|iPhone
		{E29D6105-8100-4F85-B3AE-5E3A93F4A61A}.Release|iPhone.Deploy.0 = Release|iPhone
		{E29D6105-8100-4F85-B3AE-5E3A93F4A61A}.Release|iPhoneSimulator.ActiveCfg = Release|iPhoneSimulator
		{E29D6105-8100-4F85-B3AE-5E3A93F4A61A}.Release|iPhoneSimulator.Build.0 = Release|iPhoneSimulator
		{E29D6105-8100-4F85-B3AE-5E3A93F4A61A}.Release|iPhoneSimulator.Deploy.0 = Release|iPhoneSimulator
		{F7774709-C599-48E5-BA0F-273354CFBA03}.Debug|Any CPU.ActiveCfg = Debug|Any CPU
		{F7774709-C599-48E5-BA0F-273354CFBA03}.Debug|Any CPU.Build.0 = Debug|Any CPU
		{F7774709-C599-48E5-BA0F-273354CFBA03}.Debug|Any CPU.Deploy.0 = Debug|Any CPU
		{F7774709-C599-48E5-BA0F-273354CFBA03}.Debug|iPhone.ActiveCfg = Debug|Any CPU
		{F7774709-C599-48E5-BA0F-273354CFBA03}.Debug|iPhone.Build.0 = Debug|Any CPU
		{F7774709-C599-48E5-BA0F-273354CFBA03}.Debug|iPhone.Deploy.0 = Debug|Any CPU
		{F7774709-C599-48E5-BA0F-273354CFBA03}.Debug|iPhoneSimulator.ActiveCfg = Debug|Any CPU
		{F7774709-C599-48E5-BA0F-273354CFBA03}.Debug|iPhoneSimulator.Build.0 = Debug|Any CPU
		{F7774709-C599-48E5-BA0F-273354CFBA03}.Debug|iPhoneSimulator.Deploy.0 = Debug|Any CPU
		{F7774709-C599-48E5-BA0F-273354CFBA03}.Release|Any CPU.ActiveCfg = Release|Any CPU
		{F7774709-C599-48E5-BA0F-273354CFBA03}.Release|Any CPU.Build.0 = Release|Any CPU
		{F7774709-C599-48E5-BA0F-273354CFBA03}.Release|Any CPU.Deploy.0 = Release|Any CPU
		{F7774709-C599-48E5-BA0F-273354CFBA03}.Release|iPhone.ActiveCfg = Release|Any CPU
		{F7774709-C599-48E5-BA0F-273354CFBA03}.Release|iPhone.Build.0 = Release|Any CPU
		{F7774709-C599-48E5-BA0F-273354CFBA03}.Release|iPhone.Deploy.0 = Release|Any CPU
		{F7774709-C599-48E5-BA0F-273354CFBA03}.Release|iPhoneSimulator.ActiveCfg = Release|Any CPU
		{F7774709-C599-48E5-BA0F-273354CFBA03}.Release|iPhoneSimulator.Build.0 = Release|Any CPU
		{F7774709-C599-48E5-BA0F-273354CFBA03}.Release|iPhoneSimulator.Deploy.0 = Release|Any CPU
	EndGlobalSection
	GlobalSection(SolutionProperties) = preSolution
		HideSolutionNode = FALSE
	EndGlobalSection
	GlobalSection(ExtensibilityGlobals) = postSolution
		SolutionGuid = {00F7A500-0EFA-4CBB-A1F4-B49E3C4C1420}
	EndGlobalSection
EndGlobal
